// !$*UTF8*$!
{
	archiveVersion = 1;
	classes = {
	};
	objectVersion = 50;
	objects = {

/* Begin PBXBuildFile section */
		7E1CA2D9273B3F51007C19B5 /* (null) in Embed Frameworks */ = {isa = PBXBuildFile; settings = {ATTRIBUTES = (RemoveHeadersOnCopy, ); }; };
		7E1CA2E4273C577B007C19B5 /* MarkovChain.swift in Sources */ = {isa = PBXBuildFile; fileRef = 7E1CA2E3273C577B007C19B5 /* MarkovChain.swift */; };
		7E1CA2EE273DB9D0007C19B5 /* sylvari_female.json in Resources */ = {isa = PBXBuildFile; fileRef = 7E1CA2ED273DB9D0007C19B5 /* sylvari_female.json */; };
		7E59250D27273AA400576D4D /* CSC690_SwiftUIApp.swift in Sources */ = {isa = PBXBuildFile; fileRef = 7E59250C27273AA400576D4D /* CSC690_SwiftUIApp.swift */; };
		7E59250F27273AA400576D4D /* ContentView.swift in Sources */ = {isa = PBXBuildFile; fileRef = 7E59250E27273AA400576D4D /* ContentView.swift */; };
		7E59251127273AA500576D4D /* Assets.xcassets in Resources */ = {isa = PBXBuildFile; fileRef = 7E59251027273AA500576D4D /* Assets.xcassets */; };
		7E59251427273AA500576D4D /* Preview Assets.xcassets in Resources */ = {isa = PBXBuildFile; fileRef = 7E59251327273AA500576D4D /* Preview Assets.xcassets */; };
		7E59251F27273AA500576D4D /* CSC690_SwiftUITests.swift in Sources */ = {isa = PBXBuildFile; fileRef = 7E59251E27273AA500576D4D /* CSC690_SwiftUITests.swift */; };
		7E59252A27273AA500576D4D /* CSC690_SwiftUIUITests.swift in Sources */ = {isa = PBXBuildFile; fileRef = 7E59252927273AA500576D4D /* CSC690_SwiftUIUITests.swift */; };
		7E59253B27273C3200576D4D /* FloatingMenu.swift in Sources */ = {isa = PBXBuildFile; fileRef = 7E59253A27273C3200576D4D /* FloatingMenu.swift */; };
		7EDC017827277F3200CCF743 /* RollResultPopup.swift in Sources */ = {isa = PBXBuildFile; fileRef = 7EDC017727277F3200CCF743 /* RollResultPopup.swift */; };
		7EE28AE8273DE372006B818F /* sylvari_male.json in Resources */ = {isa = PBXBuildFile; fileRef = 7EE28AE7273DE372006B818F /* sylvari_male.json */; };
		7EE28AEC273DF27E006B818F /* NameGeneratorSelection.swift in Sources */ = {isa = PBXBuildFile; fileRef = 7EE28AEB273DF27E006B818F /* NameGeneratorSelection.swift */; };
		7EE28AF0273DF5BD006B818F /* GeneratorTypeSelectionView.swift in Sources */ = {isa = PBXBuildFile; fileRef = 7EE28AEF273DF5BD006B818F /* GeneratorTypeSelectionView.swift */; };
		7EE28AF4273EF205006B818F /* NameGeneratorSheetView.swift in Sources */ = {isa = PBXBuildFile; fileRef = 7EE28AF3273EF205006B818F /* NameGeneratorSheetView.swift */; };
		7EE28B0C273F525C006B818F /* Popup.swift in Sources */ = {isa = PBXBuildFile; fileRef = 7EE28B0B273F525C006B818F /* Popup.swift */; };
/* End PBXBuildFile section */

/* Begin PBXContainerItemProxy section */
		7E59251B27273AA500576D4D /* PBXContainerItemProxy */ = {
			isa = PBXContainerItemProxy;
			containerPortal = 7E59250127273AA400576D4D /* Project object */;
			proxyType = 1;
			remoteGlobalIDString = 7E59250827273AA400576D4D;
			remoteInfo = CSC690_SwiftUI;
		};
		7E59252627273AA500576D4D /* PBXContainerItemProxy */ = {
			isa = PBXContainerItemProxy;
			containerPortal = 7E59250127273AA400576D4D /* Project object */;
			proxyType = 1;
			remoteGlobalIDString = 7E59250827273AA400576D4D;
			remoteInfo = CSC690_SwiftUI;
		};
/* End PBXContainerItemProxy section */

/* Begin PBXCopyFilesBuildPhase section */
		7E1CA2DA273B3F51007C19B5 /* Embed Frameworks */ = {
			isa = PBXCopyFilesBuildPhase;
			buildActionMask = 2147483647;
			dstPath = "";
			dstSubfolderSpec = 10;
			files = (
				7E1CA2D9273B3F51007C19B5 /* (null) in Embed Frameworks */,
			);
			name = "Embed Frameworks";
			runOnlyForDeploymentPostprocessing = 0;
		};
/* End PBXCopyFilesBuildPhase section */

/* Begin PBXFileReference section */
		7E1CA2E3273C577B007C19B5 /* MarkovChain.swift */ = {isa = PBXFileReference; lastKnownFileType = sourcecode.swift; path = MarkovChain.swift; sourceTree = "<group>"; };
		7E1CA2ED273DB9D0007C19B5 /* sylvari_female.json */ = {isa = PBXFileReference; lastKnownFileType = text.json; path = sylvari_female.json; sourceTree = "<group>"; };
		7E59250927273AA400576D4D /* CSC690_SwiftUI.app */ = {isa = PBXFileReference; explicitFileType = wrapper.application; includeInIndex = 0; path = CSC690_SwiftUI.app; sourceTree = BUILT_PRODUCTS_DIR; };
		7E59250C27273AA400576D4D /* CSC690_SwiftUIApp.swift */ = {isa = PBXFileReference; lastKnownFileType = sourcecode.swift; path = CSC690_SwiftUIApp.swift; sourceTree = "<group>"; };
		7E59250E27273AA400576D4D /* ContentView.swift */ = {isa = PBXFileReference; lastKnownFileType = sourcecode.swift; path = ContentView.swift; sourceTree = "<group>"; };
		7E59251027273AA500576D4D /* Assets.xcassets */ = {isa = PBXFileReference; lastKnownFileType = folder.assetcatalog; path = Assets.xcassets; sourceTree = "<group>"; };
		7E59251327273AA500576D4D /* Preview Assets.xcassets */ = {isa = PBXFileReference; lastKnownFileType = folder.assetcatalog; path = "Preview Assets.xcassets"; sourceTree = "<group>"; };
		7E59251527273AA500576D4D /* Info.plist */ = {isa = PBXFileReference; lastKnownFileType = text.plist.xml; path = Info.plist; sourceTree = "<group>"; };
		7E59251A27273AA500576D4D /* CSC690_SwiftUITests.xctest */ = {isa = PBXFileReference; explicitFileType = wrapper.cfbundle; includeInIndex = 0; path = CSC690_SwiftUITests.xctest; sourceTree = BUILT_PRODUCTS_DIR; };
		7E59251E27273AA500576D4D /* CSC690_SwiftUITests.swift */ = {isa = PBXFileReference; lastKnownFileType = sourcecode.swift; path = CSC690_SwiftUITests.swift; sourceTree = "<group>"; };
		7E59252027273AA500576D4D /* Info.plist */ = {isa = PBXFileReference; lastKnownFileType = text.plist.xml; path = Info.plist; sourceTree = "<group>"; };
		7E59252527273AA500576D4D /* CSC690_SwiftUIUITests.xctest */ = {isa = PBXFileReference; explicitFileType = wrapper.cfbundle; includeInIndex = 0; path = CSC690_SwiftUIUITests.xctest; sourceTree = BUILT_PRODUCTS_DIR; };
		7E59252927273AA500576D4D /* CSC690_SwiftUIUITests.swift */ = {isa = PBXFileReference; lastKnownFileType = sourcecode.swift; path = CSC690_SwiftUIUITests.swift; sourceTree = "<group>"; };
		7E59252B27273AA500576D4D /* Info.plist */ = {isa = PBXFileReference; lastKnownFileType = text.plist.xml; path = Info.plist; sourceTree = "<group>"; };
		7E59253A27273C3200576D4D /* FloatingMenu.swift */ = {isa = PBXFileReference; lastKnownFileType = sourcecode.swift; path = FloatingMenu.swift; sourceTree = "<group>"; };
		7EDC017727277F3200CCF743 /* RollResultPopup.swift */ = {isa = PBXFileReference; lastKnownFileType = sourcecode.swift; path = RollResultPopup.swift; sourceTree = "<group>"; };
		7EE28AE7273DE372006B818F /* sylvari_male.json */ = {isa = PBXFileReference; lastKnownFileType = text.json; path = sylvari_male.json; sourceTree = "<group>"; };
		7EE28AEB273DF27E006B818F /* NameGeneratorSelection.swift */ = {isa = PBXFileReference; lastKnownFileType = sourcecode.swift; path = NameGeneratorSelection.swift; sourceTree = "<group>"; };
		7EE28AEF273DF5BD006B818F /* GeneratorTypeSelectionView.swift */ = {isa = PBXFileReference; lastKnownFileType = sourcecode.swift; path = GeneratorTypeSelectionView.swift; sourceTree = "<group>"; };
		7EE28AF3273EF205006B818F /* NameGeneratorSheetView.swift */ = {isa = PBXFileReference; lastKnownFileType = sourcecode.swift; path = NameGeneratorSheetView.swift; sourceTree = "<group>"; };
		7EE28B0B273F525C006B818F /* Popup.swift */ = {isa = PBXFileReference; fileEncoding = 4; lastKnownFileType = sourcecode.swift; path = Popup.swift; sourceTree = "<group>"; };
/* End PBXFileReference section */

/* Begin PBXFrameworksBuildPhase section */
		7E59250627273AA400576D4D /* Frameworks */ = {
			isa = PBXFrameworksBuildPhase;
			buildActionMask = 2147483647;
			files = (
			);
			runOnlyForDeploymentPostprocessing = 0;
		};
		7E59251727273AA500576D4D /* Frameworks */ = {
			isa = PBXFrameworksBuildPhase;
			buildActionMask = 2147483647;
			files = (
			);
			runOnlyForDeploymentPostprocessing = 0;
		};
		7E59252227273AA500576D4D /* Frameworks */ = {
			isa = PBXFrameworksBuildPhase;
			buildActionMask = 2147483647;
			files = (
			);
			runOnlyForDeploymentPostprocessing = 0;
		};
/* End PBXFrameworksBuildPhase section */

/* Begin PBXGroup section */
		7E1CA2E2273C5767007C19B5 /* Model */ = {
			isa = PBXGroup;
			children = (
				7E1CA2E3273C577B007C19B5 /* MarkovChain.swift */,
			);
			path = Model;
			sourceTree = "<group>";
		};
		7E1CA2EC273DB9A6007C19B5 /* Resources */ = {
			isa = PBXGroup;
			children = (
				7E1CA2ED273DB9D0007C19B5 /* sylvari_female.json */,
				7EE28AE7273DE372006B818F /* sylvari_male.json */,
			);
			path = Resources;
			sourceTree = "<group>";
		};
		7E59250027273AA400576D4D = {
			isa = PBXGroup;
			children = (
				7E59250B27273AA400576D4D /* CSC690_SwiftUI */,
				7E59251D27273AA500576D4D /* CSC690_SwiftUITests */,
				7E59252827273AA500576D4D /* CSC690_SwiftUIUITests */,
				7E59250A27273AA400576D4D /* Products */,
			);
			sourceTree = "<group>";
		};
		7E59250A27273AA400576D4D /* Products */ = {
			isa = PBXGroup;
			children = (
				7E59250927273AA400576D4D /* CSC690_SwiftUI.app */,
				7E59251A27273AA500576D4D /* CSC690_SwiftUITests.xctest */,
				7E59252527273AA500576D4D /* CSC690_SwiftUIUITests.xctest */,
			);
			name = Products;
			sourceTree = "<group>";
		};
		7E59250B27273AA400576D4D /* CSC690_SwiftUI */ = {
			isa = PBXGroup;
			children = (
				7E1CA2EC273DB9A6007C19B5 /* Resources */,
				7E1CA2E2273C5767007C19B5 /* Model */,
				7EDC017627277EE500CCF743 /* Views */,
				7E59250C27273AA400576D4D /* CSC690_SwiftUIApp.swift */,
				7E59250E27273AA400576D4D /* ContentView.swift */,
				7E59251027273AA500576D4D /* Assets.xcassets */,
				7E59251527273AA500576D4D /* Info.plist */,
				7E59251227273AA500576D4D /* Preview Content */,
			);
			path = CSC690_SwiftUI;
			sourceTree = "<group>";
		};
		7E59251227273AA500576D4D /* Preview Content */ = {
			isa = PBXGroup;
			children = (
				7E59251327273AA500576D4D /* Preview Assets.xcassets */,
			);
			path = "Preview Content";
			sourceTree = "<group>";
		};
		7E59251D27273AA500576D4D /* CSC690_SwiftUITests */ = {
			isa = PBXGroup;
			children = (
				7E59251E27273AA500576D4D /* CSC690_SwiftUITests.swift */,
				7E59252027273AA500576D4D /* Info.plist */,
			);
			path = CSC690_SwiftUITests;
			sourceTree = "<group>";
		};
		7E59252827273AA500576D4D /* CSC690_SwiftUIUITests */ = {
			isa = PBXGroup;
			children = (
				7E59252927273AA500576D4D /* CSC690_SwiftUIUITests.swift */,
				7E59252B27273AA500576D4D /* Info.plist */,
			);
			path = CSC690_SwiftUIUITests;
			sourceTree = "<group>";
		};
		7EDC017627277EE500CCF743 /* Views */ = {
			isa = PBXGroup;
			children = (
				7EE28B0B273F525C006B818F /* Popup.swift */,
				7E59253A27273C3200576D4D /* FloatingMenu.swift */,
				7EDC017727277F3200CCF743 /* RollResultPopup.swift */,
				7EE28AEB273DF27E006B818F /* NameGeneratorSelection.swift */,
				7EE28AEF273DF5BD006B818F /* GeneratorTypeSelectionView.swift */,
				7EE28AF3273EF205006B818F /* NameGeneratorSheetView.swift */,
			);
			path = Views;
			sourceTree = "<group>";
		};
/* End PBXGroup section */

/* Begin PBXNativeTarget section */
		7E59250827273AA400576D4D /* CSC690_SwiftUI */ = {
			isa = PBXNativeTarget;
			buildConfigurationList = 7E59252E27273AA500576D4D /* Build configuration list for PBXNativeTarget "CSC690_SwiftUI" */;
			buildPhases = (
				7E59250527273AA400576D4D /* Sources */,
				7E59250627273AA400576D4D /* Frameworks */,
				7E59250727273AA400576D4D /* Resources */,
				7E1CA2DA273B3F51007C19B5 /* Embed Frameworks */,
			);
			buildRules = (
			);
			dependencies = (
			);
			name = CSC690_SwiftUI;
			productName = CSC690_SwiftUI;
			productReference = 7E59250927273AA400576D4D /* CSC690_SwiftUI.app */;
			productType = "com.apple.product-type.application";
		};
		7E59251927273AA500576D4D /* CSC690_SwiftUITests */ = {
			isa = PBXNativeTarget;
			buildConfigurationList = 7E59253127273AA500576D4D /* Build configuration list for PBXNativeTarget "CSC690_SwiftUITests" */;
			buildPhases = (
				7E59251627273AA500576D4D /* Sources */,
				7E59251727273AA500576D4D /* Frameworks */,
				7E59251827273AA500576D4D /* Resources */,
			);
			buildRules = (
			);
			dependencies = (
				7E59251C27273AA500576D4D /* PBXTargetDependency */,
			);
			name = CSC690_SwiftUITests;
			productName = CSC690_SwiftUITests;
			productReference = 7E59251A27273AA500576D4D /* CSC690_SwiftUITests.xctest */;
			productType = "com.apple.product-type.bundle.unit-test";
		};
		7E59252427273AA500576D4D /* CSC690_SwiftUIUITests */ = {
			isa = PBXNativeTarget;
			buildConfigurationList = 7E59253427273AA500576D4D /* Build configuration list for PBXNativeTarget "CSC690_SwiftUIUITests" */;
			buildPhases = (
				7E59252127273AA500576D4D /* Sources */,
				7E59252227273AA500576D4D /* Frameworks */,
				7E59252327273AA500576D4D /* Resources */,
			);
			buildRules = (
			);
			dependencies = (
				7E59252727273AA500576D4D /* PBXTargetDependency */,
			);
			name = CSC690_SwiftUIUITests;
			productName = CSC690_SwiftUIUITests;
			productReference = 7E59252527273AA500576D4D /* CSC690_SwiftUIUITests.xctest */;
			productType = "com.apple.product-type.bundle.ui-testing";
		};
/* End PBXNativeTarget section */

/* Begin PBXProject section */
		7E59250127273AA400576D4D /* Project object */ = {
			isa = PBXProject;
			attributes = {
				LastSwiftUpdateCheck = 1240;
				LastUpgradeCheck = 1240;
				TargetAttributes = {
					7E59250827273AA400576D4D = {
						CreatedOnToolsVersion = 12.4;
					};
					7E59251927273AA500576D4D = {
						CreatedOnToolsVersion = 12.4;
						TestTargetID = 7E59250827273AA400576D4D;
					};
					7E59252427273AA500576D4D = {
						CreatedOnToolsVersion = 12.4;
						TestTargetID = 7E59250827273AA400576D4D;
					};
				};
			};
			buildConfigurationList = 7E59250427273AA400576D4D /* Build configuration list for PBXProject "CSC690_SwiftUI" */;
			compatibilityVersion = "Xcode 9.3";
			developmentRegion = en;
			hasScannedForEncodings = 0;
			knownRegions = (
				en,
				Base,
			);
			mainGroup = 7E59250027273AA400576D4D;
			productRefGroup = 7E59250A27273AA400576D4D /* Products */;
			projectDirPath = "";
			projectRoot = "";
			targets = (
				7E59250827273AA400576D4D /* CSC690_SwiftUI */,
				7E59251927273AA500576D4D /* CSC690_SwiftUITests */,
				7E59252427273AA500576D4D /* CSC690_SwiftUIUITests */,
			);
		};
/* End PBXProject section */

/* Begin PBXResourcesBuildPhase section */
		7E59250727273AA400576D4D /* Resources */ = {
			isa = PBXResourcesBuildPhase;
			buildActionMask = 2147483647;
			files = (
				7E59251427273AA500576D4D /* Preview Assets.xcassets in Resources */,
				7EE28AE8273DE372006B818F /* sylvari_male.json in Resources */,
				7E59251127273AA500576D4D /* Assets.xcassets in Resources */,
				7E1CA2EE273DB9D0007C19B5 /* sylvari_female.json in Resources */,
			);
			runOnlyForDeploymentPostprocessing = 0;
		};
		7E59251827273AA500576D4D /* Resources */ = {
			isa = PBXResourcesBuildPhase;
			buildActionMask = 2147483647;
			files = (
			);
			runOnlyForDeploymentPostprocessing = 0;
		};
		7E59252327273AA500576D4D /* Resources */ = {
			isa = PBXResourcesBuildPhase;
			buildActionMask = 2147483647;
			files = (
			);
			runOnlyForDeploymentPostprocessing = 0;
		};
/* End PBXResourcesBuildPhase section */

/* Begin PBXSourcesBuildPhase section */
		7E59250527273AA400576D4D /* Sources */ = {
			isa = PBXSourcesBuildPhase;
			buildActionMask = 2147483647;
			files = (
				7EE28B0C273F525C006B818F /* Popup.swift in Sources */,
				7EDC017827277F3200CCF743 /* RollResultPopup.swift in Sources */,
				7E59250F27273AA400576D4D /* ContentView.swift in Sources */,
				7EE28AF4273EF205006B818F /* NameGeneratorSheetView.swift in Sources */,
				7EE28AF0273DF5BD006B818F /* GeneratorTypeSelectionView.swift in Sources */,
				7E59253B27273C3200576D4D /* FloatingMenu.swift in Sources */,
				7E59250D27273AA400576D4D /* CSC690_SwiftUIApp.swift in Sources */,
				7E1CA2E4273C577B007C19B5 /* MarkovChain.swift in Sources */,
				7EE28AEC273DF27E006B818F /* NameGeneratorSelection.swift in Sources */,
			);
			runOnlyForDeploymentPostprocessing = 0;
		};
		7E59251627273AA500576D4D /* Sources */ = {
			isa = PBXSourcesBuildPhase;
			buildActionMask = 2147483647;
			files = (
				7E59251F27273AA500576D4D /* CSC690_SwiftUITests.swift in Sources */,
			);
			runOnlyForDeploymentPostprocessing = 0;
		};
		7E59252127273AA500576D4D /* Sources */ = {
			isa = PBXSourcesBuildPhase;
			buildActionMask = 2147483647;
			files = (
				7E59252A27273AA500576D4D /* CSC690_SwiftUIUITests.swift in Sources */,
			);
			runOnlyForDeploymentPostprocessing = 0;
		};
/* End PBXSourcesBuildPhase section */

/* Begin PBXTargetDependency section */
		7E59251C27273AA500576D4D /* PBXTargetDependency */ = {
			isa = PBXTargetDependency;
			target = 7E59250827273AA400576D4D /* CSC690_SwiftUI */;
			targetProxy = 7E59251B27273AA500576D4D /* PBXContainerItemProxy */;
		};
		7E59252727273AA500576D4D /* PBXTargetDependency */ = {
			isa = PBXTargetDependency;
			target = 7E59250827273AA400576D4D /* CSC690_SwiftUI */;
			targetProxy = 7E59252627273AA500576D4D /* PBXContainerItemProxy */;
		};
/* End PBXTargetDependency section */

/* Begin XCBuildConfiguration section */
		7E59252C27273AA500576D4D /* Debug */ = {
			isa = XCBuildConfiguration;
			buildSettings = {
				ALWAYS_SEARCH_USER_PATHS = NO;
				CLANG_ANALYZER_NONNULL = YES;
				CLANG_ANALYZER_NUMBER_OBJECT_CONVERSION = YES_AGGRESSIVE;
				CLANG_CXX_LANGUAGE_STANDARD = "gnu++14";
				CLANG_CXX_LIBRARY = "libc++";
				CLANG_ENABLE_MODULES = YES;
				CLANG_ENABLE_OBJC_ARC = YES;
				CLANG_ENABLE_OBJC_WEAK = YES;
				CLANG_WARN_BLOCK_CAPTURE_AUTORELEASING = YES;
				CLANG_WARN_BOOL_CONVERSION = YES;
				CLANG_WARN_COMMA = YES;
				CLANG_WARN_CONSTANT_CONVERSION = YES;
				CLANG_WARN_DEPRECATED_OBJC_IMPLEMENTATIONS = YES;
				CLANG_WARN_DIRECT_OBJC_ISA_USAGE = YES_ERROR;
				CLANG_WARN_DOCUMENTATION_COMMENTS = YES;
				CLANG_WARN_EMPTY_BODY = YES;
				CLANG_WARN_ENUM_CONVERSION = YES;
				CLANG_WARN_INFINITE_RECURSION = YES;
				CLANG_WARN_INT_CONVERSION = YES;
				CLANG_WARN_NON_LITERAL_NULL_CONVERSION = YES;
				CLANG_WARN_OBJC_IMPLICIT_RETAIN_SELF = YES;
				CLANG_WARN_OBJC_LITERAL_CONVERSION = YES;
				CLANG_WARN_OBJC_ROOT_CLASS = YES_ERROR;
				CLANG_WARN_QUOTED_INCLUDE_IN_FRAMEWORK_HEADER = YES;
				CLANG_WARN_RANGE_LOOP_ANALYSIS = YES;
				CLANG_WARN_STRICT_PROTOTYPES = YES;
				CLANG_WARN_SUSPICIOUS_MOVE = YES;
				CLANG_WARN_UNGUARDED_AVAILABILITY = YES_AGGRESSIVE;
				CLANG_WARN_UNREACHABLE_CODE = YES;
				CLANG_WARN__DUPLICATE_METHOD_MATCH = YES;
				COPY_PHASE_STRIP = NO;
				DEBUG_INFORMATION_FORMAT = dwarf;
				ENABLE_STRICT_OBJC_MSGSEND = YES;
				ENABLE_TESTABILITY = YES;
				GCC_C_LANGUAGE_STANDARD = gnu11;
				GCC_DYNAMIC_NO_PIC = NO;
				GCC_NO_COMMON_BLOCKS = YES;
				GCC_OPTIMIZATION_LEVEL = 0;
				GCC_PREPROCESSOR_DEFINITIONS = (
					"DEBUG=1",
					"$(inherited)",
				);
				GCC_WARN_64_TO_32_BIT_CONVERSION = YES;
				GCC_WARN_ABOUT_RETURN_TYPE = YES_ERROR;
				GCC_WARN_UNDECLARED_SELECTOR = YES;
				GCC_WARN_UNINITIALIZED_AUTOS = YES_AGGRESSIVE;
				GCC_WARN_UNUSED_FUNCTION = YES;
				GCC_WARN_UNUSED_VARIABLE = YES;
				IPHONEOS_DEPLOYMENT_TARGET = 14.4;
				MTL_ENABLE_DEBUG_INFO = INCLUDE_SOURCE;
				MTL_FAST_MATH = YES;
				ONLY_ACTIVE_ARCH = YES;
				SDKROOT = iphoneos;
				SWIFT_ACTIVE_COMPILATION_CONDITIONS = DEBUG;
				SWIFT_OPTIMIZATION_LEVEL = "-Onone";
			};
			name = Debug;
		};
		7E59252D27273AA500576D4D /* Release */ = {
			isa = XCBuildConfiguration;
			buildSettings = {
				ALWAYS_SEARCH_USER_PATHS = NO;
				CLANG_ANALYZER_NONNULL = YES;
				CLANG_ANALYZER_NUMBER_OBJECT_CONVERSION = YES_AGGRESSIVE;
				CLANG_CXX_LANGUAGE_STANDARD = "gnu++14";
				CLANG_CXX_LIBRARY = "libc++";
				CLANG_ENABLE_MODULES = YES;
				CLANG_ENABLE_OBJC_ARC = YES;
				CLANG_ENABLE_OBJC_WEAK = YES;
				CLANG_WARN_BLOCK_CAPTURE_AUTORELEASING = YES;
				CLANG_WARN_BOOL_CONVERSION = YES;
				CLANG_WARN_COMMA = YES;
				CLANG_WARN_CONSTANT_CONVERSION = YES;
				CLANG_WARN_DEPRECATED_OBJC_IMPLEMENTATIONS = YES;
				CLANG_WARN_DIRECT_OBJC_ISA_USAGE = YES_ERROR;
				CLANG_WARN_DOCUMENTATION_COMMENTS = YES;
				CLANG_WARN_EMPTY_BODY = YES;
				CLANG_WARN_ENUM_CONVERSION = YES;
				CLANG_WARN_INFINITE_RECURSION = YES;
				CLANG_WARN_INT_CONVERSION = YES;
				CLANG_WARN_NON_LITERAL_NULL_CONVERSION = YES;
				CLANG_WARN_OBJC_IMPLICIT_RETAIN_SELF = YES;
				CLANG_WARN_OBJC_LITERAL_CONVERSION = YES;
				CLANG_WARN_OBJC_ROOT_CLASS = YES_ERROR;
				CLANG_WARN_QUOTED_INCLUDE_IN_FRAMEWORK_HEADER = YES;
				CLANG_WARN_RANGE_LOOP_ANALYSIS = YES;
				CLANG_WARN_STRICT_PROTOTYPES = YES;
				CLANG_WARN_SUSPICIOUS_MOVE = YES;
				CLANG_WARN_UNGUARDED_AVAILABILITY = YES_AGGRESSIVE;
				CLANG_WARN_UNREACHABLE_CODE = YES;
				CLANG_WARN__DUPLICATE_METHOD_MATCH = YES;
				COPY_PHASE_STRIP = NO;
				DEBUG_INFORMATION_FORMAT = "dwarf-with-dsym";
				ENABLE_NS_ASSERTIONS = NO;
				ENABLE_STRICT_OBJC_MSGSEND = YES;
				GCC_C_LANGUAGE_STANDARD = gnu11;
				GCC_NO_COMMON_BLOCKS = YES;
				GCC_WARN_64_TO_32_BIT_CONVERSION = YES;
				GCC_WARN_ABOUT_RETURN_TYPE = YES_ERROR;
				GCC_WARN_UNDECLARED_SELECTOR = YES;
				GCC_WARN_UNINITIALIZED_AUTOS = YES_AGGRESSIVE;
				GCC_WARN_UNUSED_FUNCTION = YES;
				GCC_WARN_UNUSED_VARIABLE = YES;
				IPHONEOS_DEPLOYMENT_TARGET = 14.4;
				MTL_ENABLE_DEBUG_INFO = NO;
				MTL_FAST_MATH = YES;
				SDKROOT = iphoneos;
				SWIFT_COMPILATION_MODE = wholemodule;
				SWIFT_OPTIMIZATION_LEVEL = "-O";
				VALIDATE_PRODUCT = YES;
			};
			name = Release;
		};
		7E59252F27273AA500576D4D /* Debug */ = {
			isa = XCBuildConfiguration;
			buildSettings = {
				ASSETCATALOG_COMPILER_APPICON_NAME = AppIcon;
				ASSETCATALOG_COMPILER_GLOBAL_ACCENT_COLOR_NAME = AccentColor;
				CODE_SIGN_STYLE = Automatic;
				DEVELOPMENT_ASSET_PATHS = "\"CSC690_SwiftUI/Preview Content\"";
				DEVELOPMENT_TEAM = A6297323L3;
				ENABLE_PREVIEWS = YES;
				INFOPLIST_FILE = CSC690_SwiftUI/Info.plist;
				IPHONEOS_DEPLOYMENT_TARGET = 14.0;
				LD_RUNPATH_SEARCH_PATHS = (
					"$(inherited)",
					"@executable_path/Frameworks",
				);
				PRODUCT_BUNDLE_IDENTIFIER = "CameronRobinson.CSC690-SwiftUI";
				PRODUCT_NAME = "$(TARGET_NAME)";
				SWIFT_VERSION = 5.0;
				TARGETED_DEVICE_FAMILY = "1,2";
			};
			name = Debug;
		};
		7E59253027273AA500576D4D /* Release */ = {
			isa = XCBuildConfiguration;
			buildSettings = {
				ASSETCATALOG_COMPILER_APPICON_NAME = AppIcon;
				ASSETCATALOG_COMPILER_GLOBAL_ACCENT_COLOR_NAME = AccentColor;
				CODE_SIGN_STYLE = Automatic;
				DEVELOPMENT_ASSET_PATHS = "\"CSC690_SwiftUI/Preview Content\"";
				DEVELOPMENT_TEAM = A6297323L3;
				ENABLE_PREVIEWS = YES;
				INFOPLIST_FILE = CSC690_SwiftUI/Info.plist;
				IPHONEOS_DEPLOYMENT_TARGET = 14.0;
				LD_RUNPATH_SEARCH_PATHS = (
					"$(inherited)",
					"@executable_path/Frameworks",
				);
				PRODUCT_BUNDLE_IDENTIFIER = "CameronRobinson.CSC690-SwiftUI";
				PRODUCT_NAME = "$(TARGET_NAME)";
				SWIFT_VERSION = 5.0;
				TARGETED_DEVICE_FAMILY = "1,2";
			};
			name = Release;
		};
		7E59253227273AA500576D4D /* Debug */ = {
			isa = XCBuildConfiguration;
			buildSettings = {
				ALWAYS_EMBED_SWIFT_STANDARD_LIBRARIES = YES;
				BUNDLE_LOADER = "$(TEST_HOST)";
				CODE_SIGN_STYLE = Automatic;
				INFOPLIST_FILE = CSC690_SwiftUITests/Info.plist;
				IPHONEOS_DEPLOYMENT_TARGET = 14.0;
				LD_RUNPATH_SEARCH_PATHS = (
					"$(inherited)",
					"@executable_path/Frameworks",
					"@loader_path/Frameworks",
				);
				PRODUCT_BUNDLE_IDENTIFIER = "CameronRobinson.CSC690-SwiftUITests";
				PRODUCT_NAME = "$(TARGET_NAME)";
				SWIFT_VERSION = 5.0;
				TARGETED_DEVICE_FAMILY = "1,2";
				TEST_HOST = "$(BUILT_PRODUCTS_DIR)/CSC690_SwiftUI.app/CSC690_SwiftUI";
			};
			name = Debug;
		};
		7E59253327273AA500576D4D /* Release */ = {
			isa = XCBuildConfiguration;
			buildSettings = {
				ALWAYS_EMBED_SWIFT_STANDARD_LIBRARIES = YES;
				BUNDLE_LOADER = "$(TEST_HOST)";
				CODE_SIGN_STYLE = Automatic;
				INFOPLIST_FILE = CSC690_SwiftUITests/Info.plist;
				IPHONEOS_DEPLOYMENT_TARGET = 14.0;
				LD_RUNPATH_SEARCH_PATHS = (
					"$(inherited)",
					"@executable_path/Frameworks",
					"@loader_path/Frameworks",
				);
				PRODUCT_BUNDLE_IDENTIFIER = "CameronRobinson.CSC690-SwiftUITests";
				PRODUCT_NAME = "$(TARGET_NAME)";
				SWIFT_VERSION = 5.0;
				TARGETED_DEVICE_FAMILY = "1,2";
				TEST_HOST = "$(BUILT_PRODUCTS_DIR)/CSC690_SwiftUI.app/CSC690_SwiftUI";
			};
			name = Release;
		};
		7E59253527273AA500576D4D /* Debug */ = {
			isa = XCBuildConfiguration;
			buildSettings = {
				ALWAYS_EMBED_SWIFT_STANDARD_LIBRARIES = YES;
				CODE_SIGN_STYLE = Automatic;
				INFOPLIST_FILE = CSC690_SwiftUIUITests/Info.plist;
				LD_RUNPATH_SEARCH_PATHS = (
					"$(inherited)",
					"@executable_path/Frameworks",
					"@loader_path/Frameworks",
				);
				PRODUCT_BUNDLE_IDENTIFIER = "CameronRobinson.CSC690-SwiftUIUITests";
				PRODUCT_NAME = "$(TARGET_NAME)";
				SWIFT_VERSION = 5.0;
				TARGETED_DEVICE_FAMILY = "1,2";
				TEST_TARGET_NAME = CSC690_SwiftUI;
			};
			name = Debug;
		};
		7E59253627273AA500576D4D /* Release */ = {
			isa = XCBuildConfiguration;
			buildSettings = {
				ALWAYS_EMBED_SWIFT_STANDARD_LIBRARIES = YES;
				CODE_SIGN_STYLE = Automatic;
				INFOPLIST_FILE = CSC690_SwiftUIUITests/Info.plist;
				LD_RUNPATH_SEARCH_PATHS = (
					"$(inherited)",
					"@executable_path/Frameworks",
					"@loader_path/Frameworks",
				);
				PRODUCT_BUNDLE_IDENTIFIER = "CameronRobinson.CSC690-SwiftUIUITests";
				PRODUCT_NAME = "$(TARGET_NAME)";
				SWIFT_VERSION = 5.0;
				TARGETED_DEVICE_FAMILY = "1,2";
				TEST_TARGET_NAME = CSC690_SwiftUI;
			};
			name = Release;
		};
/* End XCBuildConfiguration section */

/* Begin XCConfigurationList section */
		7E59250427273AA400576D4D /* Build configuration list for PBXProject "CSC690_SwiftUI" */ = {
			isa = XCConfigurationList;
			buildConfigurations = (
				7E59252C27273AA500576D4D /* Debug */,
				7E59252D27273AA500576D4D /* Release */,
			);
			defaultConfigurationIsVisible = 0;
			defaultConfigurationName = Release;
		};
		7E59252E27273AA500576D4D /* Build configuration list for PBXNativeTarget "CSC690_SwiftUI" */ = {
			isa = XCConfigurationList;
			buildConfigurations = (
				7E59252F27273AA500576D4D /* Debug */,
				7E59253027273AA500576D4D /* Release */,
			);
			defaultConfigurationIsVisible = 0;
			defaultConfigurationName = Release;
		};
		7E59253127273AA500576D4D /* Build configuration list for PBXNativeTarget "CSC690_SwiftUITests" */ = {
			isa = XCConfigurationList;
			buildConfigurations = (
				7E59253227273AA500576D4D /* Debug */,
				7E59253327273AA500576D4D /* Release */,
			);
			defaultConfigurationIsVisible = 0;
			defaultConfigurationName = Release;
		};
		7E59253427273AA500576D4D /* Build configuration list for PBXNativeTarget "CSC690_SwiftUIUITests" */ = {
			isa = XCConfigurationList;
			buildConfigurations = (
				7E59253527273AA500576D4D /* Debug */,
				7E59253627273AA500576D4D /* Release */,
			);
			defaultConfigurationIsVisible = 0;
			defaultConfigurationName = Release;
		};
/* End XCConfigurationList section */
	};
	rootObject = 7E59250127273AA400576D4D /* Project object */;
}
